
Microsoft Visual Studio Solution File, Format Version 12.00
# Visual Studio Version 16
VisualStudioVersion = 16.0.30711.63
MinimumVisualStudioVersion = 10.0.40219.1
Project("{9A19103F-16F7-4668-BE54-9A1E7A4F7556}") = "TitleRegisters", "TitleRegisters\TitleRegisters.csproj", "{0926293E-DE02-4962-A034-CB71F38AF881}"
EndProject
Project("{9A19103F-16F7-4668-BE54-9A1E7A4F7556}") = "TitleRegisters.LandRegistryApi", "TitleRegisters.LandRegistryApi\TitleRegisters.LandRegistryApi.csproj", "{17C3FCE6-0A6D-4438-A538-6070A9E8507F}"
EndProject
Project("{2150E333-8FDC-42A3-9474-1A3956D46DE8}") = "Solution Items", "Solution Items", "{85E10391-BD60-4203-9186-33E1382A2C1B}"
	ProjectSection(SolutionItems) = preProject
		.editorconfig = .editorconfig
	EndProjectSection
EndProject
Global
	GlobalSection(SolutionConfigurationPlatforms) = preSolution
		Debug|Any CPU = Debug|Any CPU
		Release|Any CPU = Release|Any CPU
	EndGlobalSection
	GlobalSection(ProjectConfigurationPlatforms) = postSolution
		{0926293E-DE02-4962-A034-CB71F38AF881}.Debug|Any CPU.ActiveCfg = Debug|Any CPU
		{0926293E-DE02-4962-A034-CB71F38AF881}.Debug|Any CPU.Build.0 = Debug|Any CPU
		{0926293E-DE02-4962-A034-CB71F38AF881}.Release|Any CPU.ActiveCfg = Release|Any CPU
		{0926293E-DE02-4962-A034-CB71F38AF881}.Release|Any CPU.Build.0 = Release|Any CPU
		{17C3FCE6-0A6D-4438-A538-6070A9E8507F}.Debug|Any CPU.ActiveCfg = Debug|Any CPU
		{17C3FCE6-0A6D-4438-A538-6070A9E8507F}.Debug|Any CPU.Build.0 = Debug|Any CPU
		{17C3FCE6-0A6D-4438-A538-6070A9E8507F}.Release|Any CPU.ActiveCfg = Release|Any CPU
		{17C3FCE6-0A6D-4438-A538-6070A9E8507F}.Release|Any CPU.Build.0 = Release|Any CPU
	EndGlobalSection
	GlobalSection(SolutionProperties) = preSolution
		HideSolutionNode = FALSE
	EndGlobalSection
	GlobalSection(ExtensibilityGlobals) = postSolution
		SolutionGuid = {D6D7C9F4-2A09-4796-93CF-52A6DD7F7DA6}
	EndGlobalSection
EndGlobal
